{
  "name": "Url_Shortner",
  "lockfileVersion": 3,
  "requires": true,
  "packages": {
    "": {
      "dependencies": {
        "rate-limiter-flexible": "^5.0.4"
      }
    },
    "node_modules/rate-limiter-flexible": {
      "version": "5.0.4",
      "resolved": "https://registry.npmjs.org/rate-limiter-flexible/-/rate-limiter-flexible-5.0.4.tgz",
      "integrity": "sha512-ftYHrIfSqWYDIJZ4yPTrgOduByAp+86gUS9iklv0JoXVM8eQCAjTnydCj1hAT4MmhmkSw86NaFEJ28m/LC1pKA=="
    }
  }
}
